
Microsoft Visual Studio Solution File, Format Version 12.00
# Visual Studio Version 16
VisualStudioVersion = 16.0.30120.98
MinimumVisualStudioVersion = 10.0.40219.1
Project("{FAE04EC0-301F-11D3-BF4B-00C04F79EFBC}") = "Console", "Console\Console.csproj", "{618DE1CA-71F8-4573-8C27-5EBD504279F8}"
EndProject
Project("{FAE04EC0-301F-11D3-BF4B-00C04F79EFBC}") = "Assets_Loader", "Assets_Loader\Assets_Loader.csproj", "{61153F3A-B63F-4D54-91CA-C8F6903D2859}"
EndProject
Project("{FAE04EC0-301F-11D3-BF4B-00C04F79EFBC}") = "Compiler", "Compiler\Compiler.csproj", "{2241826B-FEDC-4A01-9F4A-2F2E18FD850E}"
EndProject
Global
	GlobalSection(SolutionConfigurationPlatforms) = preSolution
		Debug|Any CPU = Debug|Any CPU
		Release|Any CPU = Release|Any CPU
	EndGlobalSection
	GlobalSection(ProjectConfigurationPlatforms) = postSolution
		{618DE1CA-71F8-4573-8C27-5EBD504279F8}.Debug|Any CPU.ActiveCfg = Debug|Any CPU
		{618DE1CA-71F8-4573-8C27-5EBD504279F8}.Debug|Any CPU.Build.0 = Debug|Any CPU
		{618DE1CA-71F8-4573-8C27-5EBD504279F8}.Release|Any CPU.ActiveCfg = Release|Any CPU
		{618DE1CA-71F8-4573-8C27-5EBD504279F8}.Release|Any CPU.Build.0 = Release|Any CPU
		{61153F3A-B63F-4D54-91CA-C8F6903D2859}.Debug|Any CPU.ActiveCfg = Debug|Any CPU
		{61153F3A-B63F-4D54-91CA-C8F6903D2859}.Debug|Any CPU.Build.0 = Debug|Any CPU
		{61153F3A-B63F-4D54-91CA-C8F6903D2859}.Release|Any CPU.ActiveCfg = Release|Any CPU
		{61153F3A-B63F-4D54-91CA-C8F6903D2859}.Release|Any CPU.Build.0 = Release|Any CPU
		{2241826B-FEDC-4A01-9F4A-2F2E18FD850E}.Debug|Any CPU.ActiveCfg = Debug|Any CPU
		{2241826B-FEDC-4A01-9F4A-2F2E18FD850E}.Debug|Any CPU.Build.0 = Debug|Any CPU
		{2241826B-FEDC-4A01-9F4A-2F2E18FD850E}.Release|Any CPU.ActiveCfg = Release|Any CPU
		{2241826B-FEDC-4A01-9F4A-2F2E18FD850E}.Release|Any CPU.Build.0 = Release|Any CPU
	EndGlobalSection
	GlobalSection(SolutionProperties) = preSolution
		HideSolutionNode = FALSE
	EndGlobalSection
	GlobalSection(ExtensibilityGlobals) = postSolution
		SolutionGuid = {DD977C7D-C6FB-4EB5-B94B-ADDE1B9BBD2F}
	EndGlobalSection
EndGlobal
